
Microsoft Visual Studio Solution File, Format Version 12.00
# Visual Studio Version 17
VisualStudioVersion = 17.11.35327.3
MinimumVisualStudioVersion = 10.0.40219.1
Project("{9A19103F-16F7-4668-BE54-9A1E7A4F7556}") = "Server", "Server\Server.csproj", "{4B50DE02-C5ED-40DE-A574-3D3F0A47A1FE}"
EndProject
Project("{9A19103F-16F7-4668-BE54-9A1E7A4F7556}") = "Client", "Client\Client.csproj", "{887D9E9B-01D4-4B1C-90F9-7360AFD7B0F4}"
EndProject
Project("{9A19103F-16F7-4668-BE54-9A1E7A4F7556}") = "Client_GUI", "Server_GUI\Client_GUI.csproj", "{3FAAA00D-45F4-4BD0-9EF0-507C78C7CDB2}"
EndProject
Project("{9A19103F-16F7-4668-BE54-9A1E7A4F7556}") = "Server_GUI", "Client_GUI\Server_GUI.csproj", "{9CAF76D9-60BF-411F-964A-B83FA00DA375}"
EndProject
Project("{9A19103F-16F7-4668-BE54-9A1E7A4F7556}") = "TextServer", "TextServer\TextServer.csproj", "{DC545437-16EF-4603-8BC6-7FE42B8C623E}"
EndProject
Project("{9A19103F-16F7-4668-BE54-9A1E7A4F7556}") = "TextClient", "TextClient\TextClient.csproj", "{B10887CE-DDE0-4863-96AA-B9A18BB40E38}"
EndProject
Project("{9A19103F-16F7-4668-BE54-9A1E7A4F7556}") = "Mult_Conn_Server", "Mult_Conn_Server\Mult_Conn_Server.csproj", "{32E9E09D-7B0B-4C90-A143-E3D0D1BA5171}"
EndProject
Project("{9A19103F-16F7-4668-BE54-9A1E7A4F7556}") = "Mult_Conn_Client", "Mult_Conn_Client\Mult_Conn_Client.csproj", "{461A9EAD-8992-403F-B10A-8CCFB07F043F}"
EndProject
Project("{FAE04EC0-301F-11D3-BF4B-00C04F79EFBC}") = "Mult_Conn_Server_GUI", "Mult_Conn_Server_GUI\Mult_Conn_Server_GUI.csproj", "{11486595-A1D6-415A-95C6-C2168E86837F}"
EndProject
Project("{FAE04EC0-301F-11D3-BF4B-00C04F79EFBC}") = "Mult_Conn_Client_GUI", "Mult_Conn_Client_GUI\Mult_Conn_Client_GUI.csproj", "{B20D780A-AA90-41CF-BD60-EB2AD020A972}"
EndProject
Global
	GlobalSection(SolutionConfigurationPlatforms) = preSolution
		Debug|Any CPU = Debug|Any CPU
		Release|Any CPU = Release|Any CPU
	EndGlobalSection
	GlobalSection(ProjectConfigurationPlatforms) = postSolution
		{4B50DE02-C5ED-40DE-A574-3D3F0A47A1FE}.Debug|Any CPU.ActiveCfg = Debug|Any CPU
		{4B50DE02-C5ED-40DE-A574-3D3F0A47A1FE}.Debug|Any CPU.Build.0 = Debug|Any CPU
		{4B50DE02-C5ED-40DE-A574-3D3F0A47A1FE}.Release|Any CPU.ActiveCfg = Release|Any CPU
		{4B50DE02-C5ED-40DE-A574-3D3F0A47A1FE}.Release|Any CPU.Build.0 = Release|Any CPU
		{887D9E9B-01D4-4B1C-90F9-7360AFD7B0F4}.Debug|Any CPU.ActiveCfg = Debug|Any CPU
		{887D9E9B-01D4-4B1C-90F9-7360AFD7B0F4}.Debug|Any CPU.Build.0 = Debug|Any CPU
		{887D9E9B-01D4-4B1C-90F9-7360AFD7B0F4}.Release|Any CPU.ActiveCfg = Release|Any CPU
		{887D9E9B-01D4-4B1C-90F9-7360AFD7B0F4}.Release|Any CPU.Build.0 = Release|Any CPU
		{3FAAA00D-45F4-4BD0-9EF0-507C78C7CDB2}.Debug|Any CPU.ActiveCfg = Debug|Any CPU
		{3FAAA00D-45F4-4BD0-9EF0-507C78C7CDB2}.Debug|Any CPU.Build.0 = Debug|Any CPU
		{3FAAA00D-45F4-4BD0-9EF0-507C78C7CDB2}.Release|Any CPU.ActiveCfg = Release|Any CPU
		{3FAAA00D-45F4-4BD0-9EF0-507C78C7CDB2}.Release|Any CPU.Build.0 = Release|Any CPU
		{9CAF76D9-60BF-411F-964A-B83FA00DA375}.Debug|Any CPU.ActiveCfg = Debug|Any CPU
		{9CAF76D9-60BF-411F-964A-B83FA00DA375}.Debug|Any CPU.Build.0 = Debug|Any CPU
		{9CAF76D9-60BF-411F-964A-B83FA00DA375}.Release|Any CPU.ActiveCfg = Release|Any CPU
		{9CAF76D9-60BF-411F-964A-B83FA00DA375}.Release|Any CPU.Build.0 = Release|Any CPU
		{DC545437-16EF-4603-8BC6-7FE42B8C623E}.Debug|Any CPU.ActiveCfg = Debug|Any CPU
		{DC545437-16EF-4603-8BC6-7FE42B8C623E}.Debug|Any CPU.Build.0 = Debug|Any CPU
		{DC545437-16EF-4603-8BC6-7FE42B8C623E}.Release|Any CPU.ActiveCfg = Release|Any CPU
		{DC545437-16EF-4603-8BC6-7FE42B8C623E}.Release|Any CPU.Build.0 = Release|Any CPU
		{B10887CE-DDE0-4863-96AA-B9A18BB40E38}.Debug|Any CPU.ActiveCfg = Debug|Any CPU
		{B10887CE-DDE0-4863-96AA-B9A18BB40E38}.Debug|Any CPU.Build.0 = Debug|Any CPU
		{B10887CE-DDE0-4863-96AA-B9A18BB40E38}.Release|Any CPU.ActiveCfg = Release|Any CPU
		{B10887CE-DDE0-4863-96AA-B9A18BB40E38}.Release|Any CPU.Build.0 = Release|Any CPU
		{32E9E09D-7B0B-4C90-A143-E3D0D1BA5171}.Debug|Any CPU.ActiveCfg = Debug|Any CPU
		{32E9E09D-7B0B-4C90-A143-E3D0D1BA5171}.Debug|Any CPU.Build.0 = Debug|Any CPU
		{32E9E09D-7B0B-4C90-A143-E3D0D1BA5171}.Release|Any CPU.ActiveCfg = Release|Any CPU
		{32E9E09D-7B0B-4C90-A143-E3D0D1BA5171}.Release|Any CPU.Build.0 = Release|Any CPU
		{461A9EAD-8992-403F-B10A-8CCFB07F043F}.Debug|Any CPU.ActiveCfg = Debug|Any CPU
		{461A9EAD-8992-403F-B10A-8CCFB07F043F}.Debug|Any CPU.Build.0 = Debug|Any CPU
		{461A9EAD-8992-403F-B10A-8CCFB07F043F}.Release|Any CPU.ActiveCfg = Release|Any CPU
		{461A9EAD-8992-403F-B10A-8CCFB07F043F}.Release|Any CPU.Build.0 = Release|Any CPU
		{11486595-A1D6-415A-95C6-C2168E86837F}.Debug|Any CPU.ActiveCfg = Debug|Any CPU
		{11486595-A1D6-415A-95C6-C2168E86837F}.Debug|Any CPU.Build.0 = Debug|Any CPU
		{11486595-A1D6-415A-95C6-C2168E86837F}.Release|Any CPU.ActiveCfg = Release|Any CPU
		{11486595-A1D6-415A-95C6-C2168E86837F}.Release|Any CPU.Build.0 = Release|Any CPU
		{B20D780A-AA90-41CF-BD60-EB2AD020A972}.Debug|Any CPU.ActiveCfg = Debug|Any CPU
		{B20D780A-AA90-41CF-BD60-EB2AD020A972}.Debug|Any CPU.Build.0 = Debug|Any CPU
		{B20D780A-AA90-41CF-BD60-EB2AD020A972}.Release|Any CPU.ActiveCfg = Release|Any CPU
		{B20D780A-AA90-41CF-BD60-EB2AD020A972}.Release|Any CPU.Build.0 = Release|Any CPU
	EndGlobalSection
	GlobalSection(SolutionProperties) = preSolution
		HideSolutionNode = FALSE
	EndGlobalSection
	GlobalSection(ExtensibilityGlobals) = postSolution
		SolutionGuid = {D65712C7-939A-4386-A327-94E8507D1099}
	EndGlobalSection
EndGlobal
